// !$*UTF8*$!
{
	archiveVersion = 1;
	classes = {
	};
	objectVersion = 50;
	objects = {

/* Begin PBXBuildFile section */
		A8C2F6B22538F1BE0081852E /* AppDelegate.swift in Sources */ = {isa = PBXBuildFile; fileRef = A8C2F6B12538F1BE0081852E /* AppDelegate.swift */; };
		A8C2F6B42538F1BE0081852E /* SceneDelegate.swift in Sources */ = {isa = PBXBuildFile; fileRef = A8C2F6B32538F1BE0081852E /* SceneDelegate.swift */; };
		A8C2F6B62538F1BE0081852E /* ViewController.swift in Sources */ = {isa = PBXBuildFile; fileRef = A8C2F6B52538F1BE0081852E /* ViewController.swift */; };
		A8C2F6B92538F1BE0081852E /* Main.storyboard in Resources */ = {isa = PBXBuildFile; fileRef = A8C2F6B72538F1BE0081852E /* Main.storyboard */; };
		A8C2F6BB2538F1C20081852E /* Assets.xcassets in Resources */ = {isa = PBXBuildFile; fileRef = A8C2F6BA2538F1C20081852E /* Assets.xcassets */; };
		A8C2F6BE2538F1C20081852E /* LaunchScreen.storyboard in Resources */ = {isa = PBXBuildFile; fileRef = A8C2F6BC2538F1C20081852E /* LaunchScreen.storyboard */; };
		A8C2F6C92538F1C20081852E /* berberTests.swift in Sources */ = {isa = PBXBuildFile; fileRef = A8C2F6C82538F1C20081852E /* berberTests.swift */; };
		A8C2F6D42538F1C20081852E /* berberUITests.swift in Sources */ = {isa = PBXBuildFile; fileRef = A8C2F6D32538F1C20081852E /* berberUITests.swift */; };
/* End PBXBuildFile section */

/* Begin PBXContainerItemProxy section */
		A8C2F6C52538F1C20081852E /* PBXContainerItemProxy */ = {
			isa = PBXContainerItemProxy;
			containerPortal = A8C2F6A62538F1BE0081852E /* Project object */;
			proxyType = 1;
			remoteGlobalIDString = A8C2F6AD2538F1BE0081852E;
			remoteInfo = berber;
		};
		A8C2F6D02538F1C20081852E /* PBXContainerItemProxy */ = {
			isa = PBXContainerItemProxy;
			containerPortal = A8C2F6A62538F1BE0081852E /* Project object */;
			proxyType = 1;
			remoteGlobalIDString = A8C2F6AD2538F1BE0081852E;
			remoteInfo = berber;
		};
/* End PBXContainerItemProxy section */

/* Begin PBXFileReference section */
		A8C2F6AE2538F1BE0081852E /* berber.app */ = {isa = PBXFileReference; explicitFileType = wrapper.application; includeInIndex = 0; path = berber.app; sourceTree = BUILT_PRODUCTS_DIR; };
		A8C2F6B12538F1BE0081852E /* AppDelegate.swift */ = {isa = PBXFileReference; lastKnownFileType = sourcecode.swift; path = AppDelegate.swift; sourceTree = "<group>"; };
		A8C2F6B32538F1BE0081852E /* SceneDelegate.swift */ = {isa = PBXFileReference; lastKnownFileType = sourcecode.swift; path = SceneDelegate.swift; sourceTree = "<group>"; };
		A8C2F6B52538F1BE0081852E /* ViewController.swift */ = {isa = PBXFileReference; lastKnownFileType = sourcecode.swift; path = ViewController.swift; sourceTree = "<group>"; };
		A8C2F6B82538F1BE0081852E /* Base */ = {isa = PBXFileReference; lastKnownFileType = file.storyboard; name = Base; path = Base.lproj/Main.storyboard; sourceTree = "<group>"; };
		A8C2F6BA2538F1C20081852E /* Assets.xcassets */ = {isa = PBXFileReference; lastKnownFileType = folder.assetcatalog; path = Assets.xcassets; sourceTree = "<group>"; };
		A8C2F6BD2538F1C20081852E /* Base */ = {isa = PBXFileReference; lastKnownFileType = file.storyboard; name = Base; path = Base.lproj/LaunchScreen.storyboard; sourceTree = "<group>"; };
		A8C2F6BF2538F1C20081852E /* Info.plist */ = {isa = PBXFileReference; lastKnownFileType = text.plist.xml; path = Info.plist; sourceTree = "<group>"; };
		A8C2F6C42538F1C20081852E /* berberTests.xctest */ = {isa = PBXFileReference; explicitFileType = wrapper.cfbundle; includeInIndex = 0; path = berberTests.xctest; sourceTree = BUILT_PRODUCTS_DIR; };
		A8C2F6C82538F1C20081852E /* berberTests.swift */ = {isa = PBXFileReference; lastKnownFileType = sourcecode.swift; path = berberTests.swift; sourceTree = "<group>"; };
		A8C2F6CA2538F1C20081852E /* Info.plist */ = {isa = PBXFileReference; lastKnownFileType = text.plist.xml; path = Info.plist; sourceTree = "<group>"; };
		A8C2F6CF2538F1C20081852E /* berberUITests.xctest */ = {isa = PBXFileReference; explicitFileType = wrapper.cfbundle; includeInIndex = 0; path = berberUITests.xctest; sourceTree = BUILT_PRODUCTS_DIR; };
		A8C2F6D32538F1C20081852E /* berberUITests.swift */ = {isa = PBXFileReference; lastKnownFileType = sourcecode.swift; path = berberUITests.swift; sourceTree = "<group>"; };
		A8C2F6D52538F1C20081852E /* Info.plist */ = {isa = PBXFileReference; lastKnownFileType = text.plist.xml; path = Info.plist; sourceTree = "<group>"; };
/* End PBXFileReference section */

/* Begin PBXFrameworksBuildPhase section */
		A8C2F6AB2538F1BE0081852E /* Frameworks */ = {
			isa = PBXFrameworksBuildPhase;
			buildActionMask = 2147483647;
			files = (
			);
			runOnlyForDeploymentPostprocessing = 0;
		};
		A8C2F6C12538F1C20081852E /* Frameworks */ = {
			isa = PBXFrameworksBuildPhase;
			buildActionMask = 2147483647;
			files = (
			);
			runOnlyForDeploymentPostprocessing = 0;
		};
		A8C2F6CC2538F1C20081852E /* Frameworks */ = {
			isa = PBXFrameworksBuildPhase;
			buildActionMask = 2147483647;
			files = (
			);
			runOnlyForDeploymentPostprocessing = 0;
		};
/* End PBXFrameworksBuildPhase section */

/* Begin PBXGroup section */
		A8C2F6A52538F1BE0081852E = {
			isa = PBXGroup;
			children = (
				A8C2F6B02538F1BE0081852E /* berber */,
				A8C2F6C72538F1C20081852E /* berberTests */,
				A8C2F6D22538F1C20081852E /* berberUITests */,
				A8C2F6AF2538F1BE0081852E /* Products */,
			);
			sourceTree = "<group>";
		};
		A8C2F6AF2538F1BE0081852E /* Products */ = {
			isa = PBXGroup;
			children = (
				A8C2F6AE2538F1BE0081852E /* berber.app */,
				A8C2F6C42538F1C20081852E /* berberTests.xctest */,
				A8C2F6CF2538F1C20081852E /* berberUITests.xctest */,
			);
			name = Products;
			sourceTree = "<group>";
		};
		A8C2F6B02538F1BE0081852E /* berber */ = {
			isa = PBXGroup;
			children = (
				A8C2F6B12538F1BE0081852E /* AppDelegate.swift */,
				A8C2F6B32538F1BE0081852E /* SceneDelegate.swift */,
				A8C2F6B52538F1BE0081852E /* ViewController.swift */,
				A8C2F6B72538F1BE0081852E /* Main.storyboard */,
				A8C2F6BA2538F1C20081852E /* Assets.xcassets */,
				A8C2F6BC2538F1C20081852E /* LaunchScreen.storyboard */,
				A8C2F6BF2538F1C20081852E /* Info.plist */,
			);
			path = berber;
			sourceTree = "<group>";
		};
		A8C2F6C72538F1C20081852E /* berberTests */ = {
			isa = PBXGroup;
			children = (
				A8C2F6C82538F1C20081852E /* berberTests.swift */,
				A8C2F6CA2538F1C20081852E /* Info.plist */,
			);
			path = berberTests;
			sourceTree = "<group>";
		};
		A8C2F6D22538F1C20081852E /* berberUITests */ = {
			isa = PBXGroup;
			children = (
				A8C2F6D32538F1C20081852E /* berberUITests.swift */,
				A8C2F6D52538F1C20081852E /* Info.plist */,
			);
			path = berberUITests;
			sourceTree = "<group>";
		};
/* End PBXGroup section */

/* Begin PBXNativeTarget section */
		A8C2F6AD2538F1BE0081852E /* berber */ = {
			isa = PBXNativeTarget;
			buildConfigurationList = A8C2F6D82538F1C20081852E /* Build configuration list for PBXNativeTarget "berber" */;
			buildPhases = (
				A8C2F6AA2538F1BE0081852E /* Sources */,
				A8C2F6AB2538F1BE0081852E /* Frameworks */,
				A8C2F6AC2538F1BE0081852E /* Resources */,
			);
			buildRules = (
			);
			dependencies = (
			);
			name = berber;
			productName = berber;
			productReference = A8C2F6AE2538F1BE0081852E /* berber.app */;
			productType = "com.apple.product-type.application";
		};
		A8C2F6C32538F1C20081852E /* berberTests */ = {
			isa = PBXNativeTarget;
			buildConfigurationList = A8C2F6DB2538F1C20081852E /* Build configuration list for PBXNativeTarget "berberTests" */;
			buildPhases = (
				A8C2F6C02538F1C20081852E /* Sources */,
				A8C2F6C12538F1C20081852E /* Frameworks */,
				A8C2F6C22538F1C20081852E /* Resources */,
			);
			buildRules = (
			);
			dependencies = (
				A8C2F6C62538F1C20081852E /* PBXTargetDependency */,
			);
			name = berberTests;
			productName = berberTests;
			productReference = A8C2F6C42538F1C20081852E /* berberTests.xctest */;
			productType = "com.apple.product-type.bundle.unit-test";
		};
		A8C2F6CE2538F1C20081852E /* berberUITests */ = {
			isa = PBXNativeTarget;
			buildConfigurationList = A8C2F6DE2538F1C20081852E /* Build configuration list for PBXNativeTarget "berberUITests" */;
			buildPhases = (
				A8C2F6CB2538F1C20081852E /* Sources */,
				A8C2F6CC2538F1C20081852E /* Frameworks */,
				A8C2F6CD2538F1C20081852E /* Resources */,
			);
			buildRules = (
			);
			dependencies = (
				A8C2F6D12538F1C20081852E /* PBXTargetDependency */,
			);
			name = berberUITests;
			productName = berberUITests;
			productReference = A8C2F6CF2538F1C20081852E /* berberUITests.xctest */;
			productType = "com.apple.product-type.bundle.ui-testing";
		};
/* End PBXNativeTarget section */

/* Begin PBXProject section */
		A8C2F6A62538F1BE0081852E /* Project object */ = {
			isa = PBXProject;
			attributes = {
				LastSwiftUpdateCheck = 1200;
				LastUpgradeCheck = 1200;
				TargetAttributes = {
					A8C2F6AD2538F1BE0081852E = {
						CreatedOnToolsVersion = 12.0.1;
					};
					A8C2F6C32538F1C20081852E = {
						CreatedOnToolsVersion = 12.0.1;
						TestTargetID = A8C2F6AD2538F1BE0081852E;
					};
					A8C2F6CE2538F1C20081852E = {
						CreatedOnToolsVersion = 12.0.1;
						TestTargetID = A8C2F6AD2538F1BE0081852E;
					};
				};
			};
			buildConfigurationList = A8C2F6A92538F1BE0081852E /* Build configuration list for PBXProject "berber" */;
			compatibilityVersion = "Xcode 9.3";
			developmentRegion = en;
			hasScannedForEncodings = 0;
			knownRegions = (
				en,
				Base,
			);
			mainGroup = A8C2F6A52538F1BE0081852E;
			productRefGroup = A8C2F6AF2538F1BE0081852E /* Products */;
			projectDirPath = "";
			projectRoot = "";
			targets = (
				A8C2F6AD2538F1BE0081852E /* berber */,
				A8C2F6C32538F1C20081852E /* berberTests */,
				A8C2F6CE2538F1C20081852E /* berberUITests */,
			);
		};
/* End PBXProject section */

/* Begin PBXResourcesBuildPhase section */
		A8C2F6AC2538F1BE0081852E /* Resources */ = {
			isa = PBXResourcesBuildPhase;
			buildActionMask = 2147483647;
			files = (
				A8C2F6BE2538F1C20081852E /* LaunchScreen.storyboard in Resources */,
				A8C2F6BB2538F1C20081852E /* Assets.xcassets in Resources */,
				A8C2F6B92538F1BE0081852E /* Main.storyboard in Resources */,
			);
			runOnlyForDeploymentPostprocessing = 0;
		};
		A8C2F6C22538F1C20081852E /* Resources */ = {
			isa = PBXResourcesBuildPhase;
			buildActionMask = 2147483647;
			files = (
			);
			runOnlyForDeploymentPostprocessing = 0;
		};
		A8C2F6CD2538F1C20081852E /* Resources */ = {
			isa = PBXResourcesBuildPhase;
			buildActionMask = 2147483647;
			files = (
			);
			runOnlyForDeploymentPostprocessing = 0;
		};
/* End PBXResourcesBuildPhase section */

/* Begin PBXSourcesBuildPhase section */
		A8C2F6AA2538F1BE0081852E /* Sources */ = {
			isa = PBXSourcesBuildPhase;
			buildActionMask = 2147483647;
			files = (
				A8C2F6B62538F1BE0081852E /* ViewController.swift in Sources */,
				A8C2F6B22538F1BE0081852E /* AppDelegate.swift in Sources */,
				A8C2F6B42538F1BE0081852E /* SceneDelegate.swift in Sources */,
			);
			runOnlyForDeploymentPostprocessing = 0;
		};
		A8C2F6C02538F1C20081852E /* Sources */ = {
			isa = PBXSourcesBuildPhase;
			buildActionMask = 2147483647;
			files = (
				A8C2F6C92538F1C20081852E /* berberTests.swift in Sources */,
			);
			runOnlyForDeploymentPostprocessing = 0;
		};
		A8C2F6CB2538F1C20081852E /* Sources */ = {
			isa = PBXSourcesBuildPhase;
			buildActionMask = 2147483647;
			files = (
				A8C2F6D42538F1C20081852E /* berberUITests.swift in Sources */,
			);
			runOnlyForDeploymentPostprocessing = 0;
		};
/* End PBXSourcesBuildPhase section */

/* Begin PBXTargetDependency section */
		A8C2F6C62538F1C20081852E /* PBXTargetDependency */ = {
			isa = PBXTargetDependency;
			target = A8C2F6AD2538F1BE0081852E /* berber */;
			targetProxy = A8C2F6C52538F1C20081852E /* PBXContainerItemProxy */;
		};
		A8C2F6D12538F1C20081852E /* PBXTargetDependency */ = {
			isa = PBXTargetDependency;
			target = A8C2F6AD2538F1BE0081852E /* berber */;
			targetProxy = A8C2F6D02538F1C20081852E /* PBXContainerItemProxy */;
		};
/* End PBXTargetDependency section */

/* Begin PBXVariantGroup section */
		A8C2F6B72538F1BE0081852E /* Main.storyboard */ = {
			isa = PBXVariantGroup;
			children = (
				A8C2F6B82538F1BE0081852E /* Base */,
			);
			name = Main.storyboard;
			sourceTree = "<group>";
		};
		A8C2F6BC2538F1C20081852E /* LaunchScreen.storyboard */ = {
			isa = PBXVariantGroup;
			children = (
				A8C2F6BD2538F1C20081852E /* Base */,
			);
			name = LaunchScreen.storyboard;
			sourceTree = "<group>";
		};
/* End PBXVariantGroup section */

/* Begin XCBuildConfiguration section */
		A8C2F6D62538F1C20081852E /* Debug */ = {
			isa = XCBuildConfiguration;
			buildSettings = {
				ALWAYS_SEARCH_USER_PATHS = NO;
				CLANG_ANALYZER_NONNULL = YES;
				CLANG_ANALYZER_NUMBER_OBJECT_CONVERSION = YES_AGGRESSIVE;
				CLANG_CXX_LANGUAGE_STANDARD = "gnu++14";
				CLANG_CXX_LIBRARY = "libc++";
				CLANG_ENABLE_MODULES = YES;
				CLANG_ENABLE_OBJC_ARC = YES;
				CLANG_ENABLE_OBJC_WEAK = YES;
				CLANG_WARN_BLOCK_CAPTURE_AUTORELEASING = YES;
				CLANG_WARN_BOOL_CONVERSION = YES;
				CLANG_WARN_COMMA = YES;
				CLANG_WARN_CONSTANT_CONVERSION = YES;
				CLANG_WARN_DEPRECATED_OBJC_IMPLEMENTATIONS = YES;
				CLANG_WARN_DIRECT_OBJC_ISA_USAGE = YES_ERROR;
				CLANG_WARN_DOCUMENTATION_COMMENTS = YES;
				CLANG_WARN_EMPTY_BODY = YES;
				CLANG_WARN_ENUM_CONVERSION = YES;
				CLANG_WARN_INFINITE_RECURSION = YES;
				CLANG_WARN_INT_CONVERSION = YES;
				CLANG_WARN_NON_LITERAL_NULL_CONVERSION = YES;
				CLANG_WARN_OBJC_IMPLICIT_RETAIN_SELF = YES;
				CLANG_WARN_OBJC_LITERAL_CONVERSION = YES;
				CLANG_WARN_OBJC_ROOT_CLASS = YES_ERROR;
				CLANG_WARN_QUOTED_INCLUDE_IN_FRAMEWORK_HEADER = YES;
				CLANG_WARN_RANGE_LOOP_ANALYSIS = YES;
				CLANG_WARN_STRICT_PROTOTYPES = YES;
				CLANG_WARN_SUSPICIOUS_MOVE = YES;
				CLANG_WARN_UNGUARDED_AVAILABILITY = YES_AGGRESSIVE;
				CLANG_WARN_UNREACHABLE_CODE = YES;
				CLANG_WARN__DUPLICATE_METHOD_MATCH = YES;
				COPY_PHASE_STRIP = NO;
				DEBUG_INFORMATION_FORMAT = dwarf;
				ENABLE_STRICT_OBJC_MSGSEND = YES;
				ENABLE_TESTABILITY = YES;
				GCC_C_LANGUAGE_STANDARD = gnu11;
				GCC_DYNAMIC_NO_PIC = NO;
				GCC_NO_COMMON_BLOCKS = YES;
				GCC_OPTIMIZATION_LEVEL = 0;
				GCC_PREPROCESSOR_DEFINITIONS = (
					"DEBUG=1",
					"$(inherited)",
				);
				GCC_WARN_64_TO_32_BIT_CONVERSION = YES;
				GCC_WARN_ABOUT_RETURN_TYPE = YES_ERROR;
				GCC_WARN_UNDECLARED_SELECTOR = YES;
				GCC_WARN_UNINITIALIZED_AUTOS = YES_AGGRESSIVE;
				GCC_WARN_UNUSED_FUNCTION = YES;
				GCC_WARN_UNUSED_VARIABLE = YES;
				IPHONEOS_DEPLOYMENT_TARGET = 14.0;
				MTL_ENABLE_DEBUG_INFO = INCLUDE_SOURCE;
				MTL_FAST_MATH = YES;
				ONLY_ACTIVE_ARCH = YES;
				SDKROOT = iphoneos;
				SWIFT_ACTIVE_COMPILATION_CONDITIONS = DEBUG;
				SWIFT_OPTIMIZATION_LEVEL = "-Onone";
			};
			name = Debug;
		};
		A8C2F6D72538F1C20081852E /* Release */ = {
			isa = XCBuildConfiguration;
			buildSettings = {
				ALWAYS_SEARCH_USER_PATHS = NO;
				CLANG_ANALYZER_NONNULL = YES;
				CLANG_ANALYZER_NUMBER_OBJECT_CONVERSION = YES_AGGRESSIVE;
				CLANG_CXX_LANGUAGE_STANDARD = "gnu++14";
				CLANG_CXX_LIBRARY = "libc++";
				CLANG_ENABLE_MODULES = YES;
				CLANG_ENABLE_OBJC_ARC = YES;
				CLANG_ENABLE_OBJC_WEAK = YES;
				CLANG_WARN_BLOCK_CAPTURE_AUTORELEASING = YES;
				CLANG_WARN_BOOL_CONVERSION = YES;
				CLANG_WARN_COMMA = YES;
				CLANG_WARN_CONSTANT_CONVERSION = YES;
				CLANG_WARN_DEPRECATED_OBJC_IMPLEMENTATIONS = YES;
				CLANG_WARN_DIRECT_OBJC_ISA_USAGE = YES_ERROR;
				CLANG_WARN_DOCUMENTATION_COMMENTS = YES;
				CLANG_WARN_EMPTY_BODY = YES;
				CLANG_WARN_ENUM_CONVERSION = YES;
				CLANG_WARN_INFINITE_RECURSION = YES;
				CLANG_WARN_INT_CONVERSION = YES;
				CLANG_WARN_NON_LITERAL_NULL_CONVERSION = YES;
				CLANG_WARN_OBJC_IMPLICIT_RETAIN_SELF = YES;
				CLANG_WARN_OBJC_LITERAL_CONVERSION = YES;
				CLANG_WARN_OBJC_ROOT_CLASS = YES_ERROR;
				CLANG_WARN_QUOTED_INCLUDE_IN_FRAMEWORK_HEADER = YES;
				CLANG_WARN_RANGE_LOOP_ANALYSIS = YES;
				CLANG_WARN_STRICT_PROTOTYPES = YES;
				CLANG_WARN_SUSPICIOUS_MOVE = YES;
				CLANG_WARN_UNGUARDED_AVAILABILITY = YES_AGGRESSIVE;
				CLANG_WARN_UNREACHABLE_CODE = YES;
				CLANG_WARN__DUPLICATE_METHOD_MATCH = YES;
				COPY_PHASE_STRIP = NO;
				DEBUG_INFORMATION_FORMAT = "dwarf-with-dsym";
				ENABLE_NS_ASSERTIONS = NO;
				ENABLE_STRICT_OBJC_MSGSEND = YES;
				GCC_C_LANGUAGE_STANDARD = gnu11;
				GCC_NO_COMMON_BLOCKS = YES;
				GCC_WARN_64_TO_32_BIT_CONVERSION = YES;
				GCC_WARN_ABOUT_RETURN_TYPE = YES_ERROR;
				GCC_WARN_UNDECLARED_SELECTOR = YES;
				GCC_WARN_UNINITIALIZED_AUTOS = YES_AGGRESSIVE;
				GCC_WARN_UNUSED_FUNCTION = YES;
				GCC_WARN_UNUSED_VARIABLE = YES;
				IPHONEOS_DEPLOYMENT_TARGET = 14.0;
				MTL_ENABLE_DEBUG_INFO = NO;
				MTL_FAST_MATH = YES;
				SDKROOT = iphoneos;
				SWIFT_COMPILATION_MODE = wholemodule;
				SWIFT_OPTIMIZATION_LEVEL = "-O";
				VALIDATE_PRODUCT = YES;
			};
			name = Release;
		};
		A8C2F6D92538F1C20081852E /* Debug */ = {
			isa = XCBuildConfiguration;
			buildSettings = {
				ASSETCATALOG_COMPILER_APPICON_NAME = AppIcon;
				ASSETCATALOG_COMPILER_GLOBAL_ACCENT_COLOR_NAME = AccentColor;
				CODE_SIGN_STYLE = Automatic;
				DEVELOPMENT_TEAM = ZDG25F63H5;
				INFOPLIST_FILE = berber/Info.plist;
				LD_RUNPATH_SEARCH_PATHS = (
					"$(inherited)",
					"@executable_path/Frameworks",
				);
				PRODUCT_BUNDLE_IDENTIFIER = com.cemsezeroglu.berber;
				PRODUCT_NAME = "$(TARGET_NAME)";
				SWIFT_VERSION = 5.0;
				TARGETED_DEVICE_FAMILY = "1,2";
			};
			name = Debug;
		};
		A8C2F6DA2538F1C20081852E /* Release */ = {
			isa = XCBuildConfiguration;
			buildSettings = {
				ASSETCATALOG_COMPILER_APPICON_NAME = AppIcon;
				ASSETCATALOG_COMPILER_GLOBAL_ACCENT_COLOR_NAME = AccentColor;
				CODE_SIGN_STYLE = Automatic;
				DEVELOPMENT_TEAM = ZDG25F63H5;
				INFOPLIST_FILE = berber/Info.plist;
				LD_RUNPATH_SEARCH_PATHS = (
					"$(inherited)",
					"@executable_path/Frameworks",
				);
				PRODUCT_BUNDLE_IDENTIFIER = com.cemsezeroglu.berber;
				PRODUCT_NAME = "$(TARGET_NAME)";
				SWIFT_VERSION = 5.0;
				TARGETED_DEVICE_FAMILY = "1,2";
			};
			name = Release;
		};
		A8C2F6DC2538F1C20081852E /* Debug */ = {
			isa = XCBuildConfiguration;
			buildSettings = {
				ALWAYS_EMBED_SWIFT_STANDARD_LIBRARIES = YES;
				BUNDLE_LOADER = "$(TEST_HOST)";
				CODE_SIGN_STYLE = Automatic;
				DEVELOPMENT_TEAM = ZDG25F63H5;
				INFOPLIST_FILE = berberTests/Info.plist;
				IPHONEOS_DEPLOYMENT_TARGET = 14.0;
				LD_RUNPATH_SEARCH_PATHS = (
					"$(inherited)",
					"@executable_path/Frameworks",
					"@loader_path/Frameworks",
				);
				PRODUCT_BUNDLE_IDENTIFIER = com.cemsezeroglu.berberTests;
				PRODUCT_NAME = "$(TARGET_NAME)";
				SWIFT_VERSION = 5.0;
				TARGETED_DEVICE_FAMILY = "1,2";
				TEST_HOST = "$(BUILT_PRODUCTS_DIR)/berber.app/berber";
			};
			name = Debug;
		};
		A8C2F6DD2538F1C20081852E /* Release */ = {
			isa = XCBuildConfiguration;
			buildSettings = {
				ALWAYS_EMBED_SWIFT_STANDARD_LIBRARIES = YES;
				BUNDLE_LOADER = "$(TEST_HOST)";
				CODE_SIGN_STYLE = Automatic;
				DEVELOPMENT_TEAM = ZDG25F63H5;
				INFOPLIST_FILE = berberTests/Info.plist;
				IPHONEOS_DEPLOYMENT_TARGET = 14.0;
				LD_RUNPATH_SEARCH_PATHS = (
					"$(inherited)",
					"@executable_path/Frameworks",
					"@loader_path/Frameworks",
				);
				PRODUCT_BUNDLE_IDENTIFIER = com.cemsezeroglu.berberTests;
				PRODUCT_NAME = "$(TARGET_NAME)";
				SWIFT_VERSION = 5.0;
				TARGETED_DEVICE_FAMILY = "1,2";
				TEST_HOST = "$(BUILT_PRODUCTS_DIR)/berber.app/berber";
			};
			name = Release;
		};
		A8C2F6DF2538F1C20081852E /* Debug */ = {
			isa = XCBuildConfiguration;
			buildSettings = {
				ALWAYS_EMBED_SWIFT_STANDARD_LIBRARIES = YES;
				CODE_SIGN_STYLE = Automatic;
				DEVELOPMENT_TEAM = ZDG25F63H5;
				INFOPLIST_FILE = berberUITests/Info.plist;
				LD_RUNPATH_SEARCH_PATHS = (
					"$(inherited)",
					"@executable_path/Frameworks",
					"@loader_path/Frameworks",
				);
				PRODUCT_BUNDLE_IDENTIFIER = com.cemsezeroglu.berberUITests;
				PRODUCT_NAME = "$(TARGET_NAME)";
				SWIFT_VERSION = 5.0;
				TARGETED_DEVICE_FAMILY = "1,2";
				TEST_TARGET_NAME = berber;
			};
			name = Debug;
		};
		A8C2F6E02538F1C20081852E /* Release */ = {
			isa = XCBuildConfiguration;
			buildSettings = {
				ALWAYS_EMBED_SWIFT_STANDARD_LIBRARIES = YES;
				CODE_SIGN_STYLE = Automatic;
				DEVELOPMENT_TEAM = ZDG25F63H5;
				INFOPLIST_FILE = berberUITests/Info.plist;
				LD_RUNPATH_SEARCH_PATHS = (
					"$(inherited)",
					"@executable_path/Frameworks",
					"@loader_path/Frameworks",
				);
				PRODUCT_BUNDLE_IDENTIFIER = com.cemsezeroglu.berberUITests;
				PRODUCT_NAME = "$(TARGET_NAME)";
				SWIFT_VERSION = 5.0;
				TARGETED_DEVICE_FAMILY = "1,2";
				TEST_TARGET_NAME = berber;
			};
			name = Release;
		};
/* End XCBuildConfiguration section */

/* Begin XCConfigurationList section */
		A8C2F6A92538F1BE0081852E /* Build configuration list for PBXProject "berber" */ = {
			isa = XCConfigurationList;
			buildConfigurations = (
				A8C2F6D62538F1C20081852E /* Debug */,
				A8C2F6D72538F1C20081852E /* Release */,
			);
			defaultConfigurationIsVisible = 0;
			defaultConfigurationName = Release;
		};
		A8C2F6D82538F1C20081852E /* Build configuration list for PBXNativeTarget "berber" */ = {
			isa = XCConfigurationList;
			buildConfigurations = (
				A8C2F6D92538F1C20081852E /* Debug */,
				A8C2F6DA2538F1C20081852E /* Release */,
			);
			defaultConfigurationIsVisible = 0;
			defaultConfigurationName = Release;
		};
		A8C2F6DB2538F1C20081852E /* Build configuration list for PBXNativeTarget "berberTests" */ = {
			isa = XCConfigurationList;
			buildConfigurations = (
				A8C2F6DC2538F1C20081852E /* Debug */,
				A8C2F6DD2538F1C20081852E /* Release */,
			);
			defaultConfigurationIsVisible = 0;
			defaultConfigurationName = Release;
		};
		A8C2F6DE2538F1C20081852E /* Build configuration list for PBXNativeTarget "berberUITests" */ = {
			isa = XCConfigurationList;
			buildConfigurations = (
				A8C2F6DF2538F1C20081852E /* Debug */,
				A8C2F6E02538F1C20081852E /* Release */,
			);
			defaultConfigurationIsVisible = 0;
			defaultConfigurationName = Release;
		};
/* End XCConfigurationList section */
	};
	rootObject = A8C2F6A62538F1BE0081852E /* Project object */;
}
